# THIS IS AN AUTOGENERATED FILE. DO NOT EDIT THIS FILE DIRECTLY.
# yarn lockfile v1


electron-active-window@^0.0.4:
  version "0.0.4"
  resolved "https://registry.yarnpkg.com/electron-active-window/-/electron-active-window-0.0.4.tgz#ea9c1d97bdab46fd7faca971eeabc7a0906ff16a"
  dependencies:
    fs "^0.0.1-security"
    node-addon-api "^1.7.1"

fs@^0.0.1-security:
  version "0.0.1-security"
  resolved "https://registry.yarnpkg.com/fs/-/fs-0.0.1-security.tgz#8a7bd37186b6dddf3813f23858b57ecaaf5e41d4"

node-addon-api@^1.7.1:
  version "1.7.2"
  resolved "https://registry.yarnpkg.com/node-addon-api/-/node-addon-api-1.7.2.tgz#3df30b95720b53c24e59948b49532b662444f54d"
