# THIS IS AN AUTOGENERATED FILE. DO NOT EDIT THIS FILE DIRECTLY.
# yarn lockfile v1


active-win@^6.2.0:
  version "6.2.0"
  resolved "https://registry.yarnpkg.com/active-win/-/active-win-6.2.0.tgz#306af0589e91a171bbcc43efc07802b1aa485830"
  optionalDependencies:
    ffi-napi "^2.4.5"
    ref-napi "^3.0.0"
    ref-struct-napi "^1.1.0"
    ref-wchar-napi "^1.0.2"

debug@2:
  version "2.6.9"
  resolved "https://registry.yarnpkg.com/debug/-/debug-2.6.9.tgz#5d128515df134ff327e90a4c93f4e077a536341f"
  dependencies:
    ms "2.0.0"

debug@^3.1.0:
  version "3.2.6"
  resolved "https://registry.yarnpkg.com/debug/-/debug-3.2.6.tgz#e83d17de16d8a7efb7717edbe5fb10135eee629b"
  dependencies:
    ms "^2.1.1"

debug@^4.1.1:
  version "4.2.0"
  resolved "https://registry.yarnpkg.com/debug/-/debug-4.2.0.tgz#7f150f93920e94c58f5574c2fd01a3110effe7f1"
  dependencies:
    ms "2.1.2"

desktop-idle@^1.3.0:
  version "1.3.0"
  resolved "https://registry.yarnpkg.com/desktop-idle/-/desktop-idle-1.3.0.tgz#7198b3f1bf147baac2217924bf647600c88d18be"

ffi-napi@^2.4.5:
  version "2.5.0"
  resolved "https://registry.yarnpkg.com/ffi-napi/-/ffi-napi-2.5.0.tgz#77802081e4f3c2160d536781e84e00f8a88961f3"
  dependencies:
    debug "^3.1.0"
    get-uv-event-loop-napi-h "^1.0.5"
    node-addon-api "1.6.1"
    node-gyp-build "^4.2.1"
    ref-napi "^1.5.2"
    ref-struct-di "^1.1.0"

get-symbol-from-current-process-h@^1.0.1, get-symbol-from-current-process-h@^1.0.2:
  version "1.0.2"
  resolved "https://registry.yarnpkg.com/get-symbol-from-current-process-h/-/get-symbol-from-current-process-h-1.0.2.tgz#510af52eaef873f7028854c3377f47f7bb200265"

get-uv-event-loop-napi-h@^1.0.5:
  version "1.0.6"
  resolved "https://registry.yarnpkg.com/get-uv-event-loop-napi-h/-/get-uv-event-loop-napi-h-1.0.6.tgz#42b0b06b74c3ed21fbac8e7c72845fdb7a200208"
  dependencies:
    get-symbol-from-current-process-h "^1.0.1"

iconv@2:
  version "2.3.5"
  resolved "https://registry.yarnpkg.com/iconv/-/iconv-2.3.5.tgz#5f9b9612f5b15313286748d030c6ff29efdefa33"
  dependencies:
    nan "^2.14.0"
    safer-buffer "^2.1.2"

ms@2.0.0:
  version "2.0.0"
  resolved "https://registry.yarnpkg.com/ms/-/ms-2.0.0.tgz#5608aeadfc00be6c2901df5f9861788de0d597c8"

ms@2.1.2, ms@^2.1.1:
  version "2.1.2"
  resolved "https://registry.yarnpkg.com/ms/-/ms-2.1.2.tgz#d09d1f357b443f493382a8eb3ccd183872ae6009"

nan@^2.14.0:
  version "2.14.1"
  resolved "https://registry.yarnpkg.com/nan/-/nan-2.14.1.tgz#d7be34dfa3105b91494c3147089315eff8874b01"

node-addon-api@1.6.1:
  version "1.6.1"
  resolved "https://registry.yarnpkg.com/node-addon-api/-/node-addon-api-1.6.1.tgz#a9881c8dbc6400bac6ddedcb96eccf8051678536"

node-addon-api@^2.0.0:
  version "2.0.2"
  resolved "https://registry.yarnpkg.com/node-addon-api/-/node-addon-api-2.0.2.tgz#432cfa82962ce494b132e9d72a15b29f71ff5d32"

node-gyp-build@^4.2.1:
  version "4.2.3"
  resolved "https://registry.yarnpkg.com/node-gyp-build/-/node-gyp-build-4.2.3.tgz#ce6277f853835f718829efb47db20f3e4d9c4739"

ref-napi@^1.4.2, ref-napi@^1.5.2:
  version "1.5.2"
  resolved "https://registry.yarnpkg.com/ref-napi/-/ref-napi-1.5.2.tgz#a29f9a0c1aff02f01e023199e4aa8fe7f11f25b9"
  dependencies:
    debug "^3.1.0"
    node-addon-api "^2.0.0"
    node-gyp-build "^4.2.1"

ref-napi@^3.0.0:
  version "3.0.1"
  resolved "https://registry.yarnpkg.com/ref-napi/-/ref-napi-3.0.1.tgz#442c0b266c14620a3c3b5a1d9c8d8d997f33a86d"
  dependencies:
    debug "^4.1.1"
    get-symbol-from-current-process-h "^1.0.2"
    node-addon-api "^2.0.0"
    node-gyp-build "^4.2.1"

ref-struct-di@^1.1.0:
  version "1.1.1"
  resolved "https://registry.yarnpkg.com/ref-struct-di/-/ref-struct-di-1.1.1.tgz#5827b1d3b32372058f177547093db1fe1602dc10"
  dependencies:
    debug "^3.1.0"

ref-struct-napi@^1.1.0:
  version "1.1.1"
  resolved "https://registry.yarnpkg.com/ref-struct-napi/-/ref-struct-napi-1.1.1.tgz#272a870a0ccb8244bd06ac851ffafbfc33dcd951"
  dependencies:
    debug "2"
    ref-napi "^1.4.2"

ref-wchar-napi@^1.0.2:
  version "1.0.2"
  resolved "https://registry.yarnpkg.com/ref-wchar-napi/-/ref-wchar-napi-1.0.2.tgz#0028da106953fdf48b2eb944d33f9d1747a6f2a9"
  dependencies:
    iconv "2"
    ref-napi "^1.4.2"

safer-buffer@^2.1.2:
  version "2.1.2"
  resolved "https://registry.yarnpkg.com/safer-buffer/-/safer-buffer-2.1.2.tgz#44fa161b0187b9549dd84bb91802f9bd8385cd6a"
